
Microsoft Visual Studio Solution File, Format Version 12.00
# Visual Studio Version 17
VisualStudioVersion = 17.0.32014.148
MinimumVisualStudioVersion = 10.0.40219.1
Project("{8BC9CEB8-8B4A-11D0-8D11-00A0C91BC942}") = "LabaOne", "LabaOne.vcxproj", "{100D863F-48B9-43F0-BE0E-803C3AD7E3DA}"
EndProject
Global
	GlobalSection(SolutionConfigurationPlatforms) = preSolution
		Debug|x64 = Debug|x64
		Debug|x86 = Debug|x86
		Release|x64 = Release|x64
		Release|x86 = Release|x86
	EndGlobalSection
	GlobalSection(ProjectConfigurationPlatforms) = postSolution
		{100D863F-48B9-43F0-BE0E-803C3AD7E3DA}.Debug|x64.ActiveCfg = Debug|x64
		{100D863F-48B9-43F0-BE0E-803C3AD7E3DA}.Debug|x64.Build.0 = Debug|x64
		{100D863F-48B9-43F0-BE0E-803C3AD7E3DA}.Debug|x86.ActiveCfg = Debug|Win32
		{100D863F-48B9-43F0-BE0E-803C3AD7E3DA}.Debug|x86.Build.0 = Debug|Win32
		{100D863F-48B9-43F0-BE0E-803C3AD7E3DA}.Release|x64.ActiveCfg = Release|x64
		{100D863F-48B9-43F0-BE0E-803C3AD7E3DA}.Release|x64.Build.0 = Release|x64
		{100D863F-48B9-43F0-BE0E-803C3AD7E3DA}.Release|x86.ActiveCfg = Release|Win32
		{100D863F-48B9-43F0-BE0E-803C3AD7E3DA}.Release|x86.Build.0 = Release|Win32
	EndGlobalSection
	GlobalSection(SolutionProperties) = preSolution
		HideSolutionNode = FALSE
	EndGlobalSection
	GlobalSection(ExtensibilityGlobals) = postSolution
		SolutionGuid = {4A8EB57A-D369-426E-8407-CE7A37DE25FA}
	EndGlobalSection
EndGlobal
